
Microsoft Visual Studio Solution File, Format Version 12.00
# Visual Studio Version 17
VisualStudioVersion = 17.11.35303.130
MinimumVisualStudioVersion = 10.0.40219.1
Project("{9A19103F-16F7-4668-BE54-9A1E7A4F7556}") = "TicketClassLibrary", "TicketClassLibrary\TicketClassLibrary.csproj", "{5D4543C1-8A23-4A88-824D-35285F537A58}"
EndProject
Project("{9A19103F-16F7-4668-BE54-9A1E7A4F7556}") = "TicketClassLibraryTests", "TicketClassLibraryTests\TicketClassLibraryTests.csproj", "{7C4095B0-4889-4BD2-9E6B-47ABFE126906}"
EndProject
Project("{FAE04EC0-301F-11D3-BF4B-00C04F79EFBC}") = "StoreblætTicketLibrary", "StoreblætTicketLibrary\StoreblætTicketLibrary.csproj", "{231FA80F-456D-4376-BCFE-C40915DE5CA7}"
EndProject
Project("{FAE04EC0-301F-11D3-BF4B-00C04F79EFBC}") = "StoreblætTicketLibraryTests", "StoreblætTicketLibraryTests\StoreblætTicketLibraryTests.csproj", "{9B1CDEB9-FB54-4023-B6C4-80D03ED62A44}"
EndProject
Global
	GlobalSection(SolutionConfigurationPlatforms) = preSolution
		Debug|Any CPU = Debug|Any CPU
		Release|Any CPU = Release|Any CPU
	EndGlobalSection
	GlobalSection(ProjectConfigurationPlatforms) = postSolution
		{5D4543C1-8A23-4A88-824D-35285F537A58}.Debug|Any CPU.ActiveCfg = Debug|Any CPU
		{5D4543C1-8A23-4A88-824D-35285F537A58}.Debug|Any CPU.Build.0 = Debug|Any CPU
		{5D4543C1-8A23-4A88-824D-35285F537A58}.Release|Any CPU.ActiveCfg = Release|Any CPU
		{5D4543C1-8A23-4A88-824D-35285F537A58}.Release|Any CPU.Build.0 = Release|Any CPU
		{7C4095B0-4889-4BD2-9E6B-47ABFE126906}.Debug|Any CPU.ActiveCfg = Debug|Any CPU
		{7C4095B0-4889-4BD2-9E6B-47ABFE126906}.Debug|Any CPU.Build.0 = Debug|Any CPU
		{7C4095B0-4889-4BD2-9E6B-47ABFE126906}.Release|Any CPU.ActiveCfg = Release|Any CPU
		{7C4095B0-4889-4BD2-9E6B-47ABFE126906}.Release|Any CPU.Build.0 = Release|Any CPU
		{231FA80F-456D-4376-BCFE-C40915DE5CA7}.Debug|Any CPU.ActiveCfg = Debug|Any CPU
		{231FA80F-456D-4376-BCFE-C40915DE5CA7}.Debug|Any CPU.Build.0 = Debug|Any CPU
		{231FA80F-456D-4376-BCFE-C40915DE5CA7}.Release|Any CPU.ActiveCfg = Release|Any CPU
		{231FA80F-456D-4376-BCFE-C40915DE5CA7}.Release|Any CPU.Build.0 = Release|Any CPU
		{9B1CDEB9-FB54-4023-B6C4-80D03ED62A44}.Debug|Any CPU.ActiveCfg = Debug|Any CPU
		{9B1CDEB9-FB54-4023-B6C4-80D03ED62A44}.Debug|Any CPU.Build.0 = Debug|Any CPU
		{9B1CDEB9-FB54-4023-B6C4-80D03ED62A44}.Release|Any CPU.ActiveCfg = Release|Any CPU
		{9B1CDEB9-FB54-4023-B6C4-80D03ED62A44}.Release|Any CPU.Build.0 = Release|Any CPU
	EndGlobalSection
	GlobalSection(SolutionProperties) = preSolution
		HideSolutionNode = FALSE
	EndGlobalSection
	GlobalSection(ExtensibilityGlobals) = postSolution
		SolutionGuid = {1023E039-6FCB-45B4-BE49-A17BC96CB793}
	EndGlobalSection
EndGlobal
